
Microsoft Visual Studio Solution File, Format Version 12.00
# Visual Studio 15
VisualStudioVersion = 15.0.26124.0
MinimumVisualStudioVersion = 15.0.26124.0
Project("{FAE04EC0-301F-11D3-BF4B-00C04F79EFBC}") = "ElevenNote.WebAPI", "ElevenNote.WebAPI\ElevenNote.WebAPI.csproj", "{EBE2D4CD-832B-4F47-A082-06058EC48450}"
EndProject
Global
	GlobalSection(SolutionConfigurationPlatforms) = preSolution
		Debug|Any CPU = Debug|Any CPU
		Debug|x64 = Debug|x64
		Debug|x86 = Debug|x86
		Release|Any CPU = Release|Any CPU
		Release|x64 = Release|x64
		Release|x86 = Release|x86
	EndGlobalSection
	GlobalSection(SolutionProperties) = preSolution
		HideSolutionNode = FALSE
	EndGlobalSection
	GlobalSection(ProjectConfigurationPlatforms) = postSolution
		{EBE2D4CD-832B-4F47-A082-06058EC48450}.Debug|Any CPU.ActiveCfg = Debug|Any CPU
		{EBE2D4CD-832B-4F47-A082-06058EC48450}.Debug|Any CPU.Build.0 = Debug|Any CPU
		{EBE2D4CD-832B-4F47-A082-06058EC48450}.Debug|x64.ActiveCfg = Debug|Any CPU
		{EBE2D4CD-832B-4F47-A082-06058EC48450}.Debug|x64.Build.0 = Debug|Any CPU
		{EBE2D4CD-832B-4F47-A082-06058EC48450}.Debug|x86.ActiveCfg = Debug|Any CPU
		{EBE2D4CD-832B-4F47-A082-06058EC48450}.Debug|x86.Build.0 = Debug|Any CPU
		{EBE2D4CD-832B-4F47-A082-06058EC48450}.Release|Any CPU.ActiveCfg = Release|Any CPU
		{EBE2D4CD-832B-4F47-A082-06058EC48450}.Release|Any CPU.Build.0 = Release|Any CPU
		{EBE2D4CD-832B-4F47-A082-06058EC48450}.Release|x64.ActiveCfg = Release|Any CPU
		{EBE2D4CD-832B-4F47-A082-06058EC48450}.Release|x64.Build.0 = Release|Any CPU
		{EBE2D4CD-832B-4F47-A082-06058EC48450}.Release|x86.ActiveCfg = Release|Any CPU
		{EBE2D4CD-832B-4F47-A082-06058EC48450}.Release|x86.Build.0 = Release|Any CPU
	EndGlobalSection
EndGlobal
